
Microsoft Visual Studio Solution File, Format Version 12.00
# Visual Studio 15
VisualStudioVersion = 15.0.28307.329
MinimumVisualStudioVersion = 10.0.40219.1
Project("{FAE04EC0-301F-11D3-BF4B-00C04F79EFBC}") = "GlobalSolusindo.Base", "GlobalSolusindo.Base\GlobalSolusindo.Base.csproj", "{F3A62027-FA51-4F0A-B5BA-42385DE0D331}"
EndProject
Project("{FAE04EC0-301F-11D3-BF4B-00C04F79EFBC}") = "GlobalSolusindo.Identity", "GlobalSolusindo.Identity\GlobalSolusindo.Identity.csproj", "{871E4555-9108-454E-95B0-A60CC4141F62}"
EndProject
Project("{FAE04EC0-301F-11D3-BF4B-00C04F79EFBC}") = "GlobalSolusindo.DataAccess.SqlServer", "GlobalSolusindo.DataAccess.SqlServer\GlobalSolusindo.DataAccess.SqlServer.csproj", "{84E76E65-832E-4168-87CB-680FF40418BA}"
EndProject
Project("{2150E333-8FDC-42A3-9474-1A3956D46DE8}") = "Libs", "Libs", "{DE8F318A-E28D-4F35-8B25-3DE9EAFF7DBF}"
EndProject
Project("{2150E333-8FDC-42A3-9474-1A3956D46DE8}") = "Server", "Server", "{85B06D3D-5F45-4C65-9E54-D4C3498CA619}"
EndProject
Project("{2150E333-8FDC-42A3-9474-1A3956D46DE8}") = "UI", "UI", "{7EE663DB-1EB1-4DA9-9DAE-8A914F6F4716}"
EndProject
Project("{FAE04EC0-301F-11D3-BF4B-00C04F79EFBC}") = "Kairos", "Kairos\Kairos.csproj", "{8C434AAF-6A6C-4727-AD32-0C875FF6D9A9}"
EndProject
Project("{FAE04EC0-301F-11D3-BF4B-00C04F79EFBC}") = "GlobalSolusindo.Web", "GlobalSolusindo.Web\GlobalSolusindo.Web.csproj", "{9FCD2590-8E1D-484A-BFDB-C2AE5EE7DC1B}"
EndProject
Project("{FAE04EC0-301F-11D3-BF4B-00C04F79EFBC}") = "GlobalSolusindo.Business", "GlobalSolusindo.Business\GlobalSolusindo.Business.csproj", "{F039649D-4116-4DE0-868A-0B2B8E6CE2E4}"
EndProject
Project("{FAE04EC0-301F-11D3-BF4B-00C04F79EFBC}") = "GlobalSolusindo.Api", "GlobalSolusindo.Api\GlobalSolusindo.Api.csproj", "{9B0B3DF9-20F2-4CC3-AFC3-7A3B9290490C}"
EndProject
Project("{FAE04EC0-301F-11D3-BF4B-00C04F79EFBC}") = "Kairos.Google", "Kairos.Google\Kairos.Google.csproj", "{42DF2DB1-551D-47E0-AF30-77B5F4205190}"
EndProject
Project("{FAE04EC0-301F-11D3-BF4B-00C04F79EFBC}") = "Kairos.Google.Tests", "Kairos.Google.Tests\Kairos.Google.Tests.csproj", "{2DF5EF83-96F9-461E-AA50-3378D5201EBF}"
EndProject
Global
	GlobalSection(SolutionConfigurationPlatforms) = preSolution
		Debug|Any CPU = Debug|Any CPU
		Release|Any CPU = Release|Any CPU
	EndGlobalSection
	GlobalSection(ProjectConfigurationPlatforms) = postSolution
		{F3A62027-FA51-4F0A-B5BA-42385DE0D331}.Debug|Any CPU.ActiveCfg = Debug|Any CPU
		{F3A62027-FA51-4F0A-B5BA-42385DE0D331}.Debug|Any CPU.Build.0 = Debug|Any CPU
		{F3A62027-FA51-4F0A-B5BA-42385DE0D331}.Release|Any CPU.ActiveCfg = Release|Any CPU
		{F3A62027-FA51-4F0A-B5BA-42385DE0D331}.Release|Any CPU.Build.0 = Release|Any CPU
		{871E4555-9108-454E-95B0-A60CC4141F62}.Debug|Any CPU.ActiveCfg = Debug|Any CPU
		{871E4555-9108-454E-95B0-A60CC4141F62}.Debug|Any CPU.Build.0 = Debug|Any CPU
		{871E4555-9108-454E-95B0-A60CC4141F62}.Release|Any CPU.ActiveCfg = Release|Any CPU
		{871E4555-9108-454E-95B0-A60CC4141F62}.Release|Any CPU.Build.0 = Release|Any CPU
		{84E76E65-832E-4168-87CB-680FF40418BA}.Debug|Any CPU.ActiveCfg = Debug|Any CPU
		{84E76E65-832E-4168-87CB-680FF40418BA}.Debug|Any CPU.Build.0 = Debug|Any CPU
		{84E76E65-832E-4168-87CB-680FF40418BA}.Release|Any CPU.ActiveCfg = Release|Any CPU
		{84E76E65-832E-4168-87CB-680FF40418BA}.Release|Any CPU.Build.0 = Release|Any CPU
		{8C434AAF-6A6C-4727-AD32-0C875FF6D9A9}.Debug|Any CPU.ActiveCfg = Debug|Any CPU
		{8C434AAF-6A6C-4727-AD32-0C875FF6D9A9}.Debug|Any CPU.Build.0 = Debug|Any CPU
		{8C434AAF-6A6C-4727-AD32-0C875FF6D9A9}.Release|Any CPU.ActiveCfg = Release|Any CPU
		{8C434AAF-6A6C-4727-AD32-0C875FF6D9A9}.Release|Any CPU.Build.0 = Release|Any CPU
		{9FCD2590-8E1D-484A-BFDB-C2AE5EE7DC1B}.Debug|Any CPU.ActiveCfg = Debug|Any CPU
		{9FCD2590-8E1D-484A-BFDB-C2AE5EE7DC1B}.Debug|Any CPU.Build.0 = Debug|Any CPU
		{9FCD2590-8E1D-484A-BFDB-C2AE5EE7DC1B}.Release|Any CPU.ActiveCfg = Release|Any CPU
		{9FCD2590-8E1D-484A-BFDB-C2AE5EE7DC1B}.Release|Any CPU.Build.0 = Release|Any CPU
		{F039649D-4116-4DE0-868A-0B2B8E6CE2E4}.Debug|Any CPU.ActiveCfg = Debug|Any CPU
		{F039649D-4116-4DE0-868A-0B2B8E6CE2E4}.Debug|Any CPU.Build.0 = Debug|Any CPU
		{F039649D-4116-4DE0-868A-0B2B8E6CE2E4}.Release|Any CPU.ActiveCfg = Release|Any CPU
		{F039649D-4116-4DE0-868A-0B2B8E6CE2E4}.Release|Any CPU.Build.0 = Release|Any CPU
		{9B0B3DF9-20F2-4CC3-AFC3-7A3B9290490C}.Debug|Any CPU.ActiveCfg = Debug|Any CPU
		{9B0B3DF9-20F2-4CC3-AFC3-7A3B9290490C}.Debug|Any CPU.Build.0 = Debug|Any CPU
		{9B0B3DF9-20F2-4CC3-AFC3-7A3B9290490C}.Release|Any CPU.ActiveCfg = Release|Any CPU
		{9B0B3DF9-20F2-4CC3-AFC3-7A3B9290490C}.Release|Any CPU.Build.0 = Release|Any CPU
		{42DF2DB1-551D-47E0-AF30-77B5F4205190}.Debug|Any CPU.ActiveCfg = Debug|Any CPU
		{42DF2DB1-551D-47E0-AF30-77B5F4205190}.Debug|Any CPU.Build.0 = Debug|Any CPU
		{42DF2DB1-551D-47E0-AF30-77B5F4205190}.Release|Any CPU.ActiveCfg = Release|Any CPU
		{42DF2DB1-551D-47E0-AF30-77B5F4205190}.Release|Any CPU.Build.0 = Release|Any CPU
		{2DF5EF83-96F9-461E-AA50-3378D5201EBF}.Debug|Any CPU.ActiveCfg = Debug|Any CPU
		{2DF5EF83-96F9-461E-AA50-3378D5201EBF}.Debug|Any CPU.Build.0 = Debug|Any CPU
		{2DF5EF83-96F9-461E-AA50-3378D5201EBF}.Release|Any CPU.ActiveCfg = Release|Any CPU
		{2DF5EF83-96F9-461E-AA50-3378D5201EBF}.Release|Any CPU.Build.0 = Release|Any CPU
	EndGlobalSection
	GlobalSection(SolutionProperties) = preSolution
		HideSolutionNode = FALSE
	EndGlobalSection
	GlobalSection(NestedProjects) = preSolution
		{F3A62027-FA51-4F0A-B5BA-42385DE0D331} = {85B06D3D-5F45-4C65-9E54-D4C3498CA619}
		{871E4555-9108-454E-95B0-A60CC4141F62} = {85B06D3D-5F45-4C65-9E54-D4C3498CA619}
		{84E76E65-832E-4168-87CB-680FF40418BA} = {85B06D3D-5F45-4C65-9E54-D4C3498CA619}
		{8C434AAF-6A6C-4727-AD32-0C875FF6D9A9} = {DE8F318A-E28D-4F35-8B25-3DE9EAFF7DBF}
		{9FCD2590-8E1D-484A-BFDB-C2AE5EE7DC1B} = {7EE663DB-1EB1-4DA9-9DAE-8A914F6F4716}
		{F039649D-4116-4DE0-868A-0B2B8E6CE2E4} = {85B06D3D-5F45-4C65-9E54-D4C3498CA619}
		{9B0B3DF9-20F2-4CC3-AFC3-7A3B9290490C} = {85B06D3D-5F45-4C65-9E54-D4C3498CA619}
		{42DF2DB1-551D-47E0-AF30-77B5F4205190} = {DE8F318A-E28D-4F35-8B25-3DE9EAFF7DBF}
		{2DF5EF83-96F9-461E-AA50-3378D5201EBF} = {DE8F318A-E28D-4F35-8B25-3DE9EAFF7DBF}
	EndGlobalSection
	GlobalSection(ExtensibilityGlobals) = postSolution
		SolutionGuid = {827136FD-DBB0-495E-9A2D-BEF2C356E08B}
	EndGlobalSection
EndGlobal
